
Microsoft Visual Studio Solution File, Format Version 12.00
# Visual Studio Version 16
VisualStudioVersion = 16.0.29409.12
MinimumVisualStudioVersion = 10.0.40219.1
Project("{FAE04EC0-301F-11D3-BF4B-00C04F79EFBC}") = "ArcherAssist", "ArcherAssist\ArcherAssist.csproj", "{DD8B2055-64EB-4F9F-83FA-ED3108867F91}"
EndProject
Project("{FAE04EC0-301F-11D3-BF4B-00C04F79EFBC}") = "ArcherAssist.Tests", "ArcherAssist.Tests\ArcherAssist.Tests.csproj", "{8D496D33-4B57-4BA8-ACCA-33AA22757682}"
EndProject
Global
	GlobalSection(SolutionConfigurationPlatforms) = preSolution
		Debug|Any CPU = Debug|Any CPU
		Release|Any CPU = Release|Any CPU
	EndGlobalSection
	GlobalSection(ProjectConfigurationPlatforms) = postSolution
		{DD8B2055-64EB-4F9F-83FA-ED3108867F91}.Debug|Any CPU.ActiveCfg = Debug|Any CPU
		{DD8B2055-64EB-4F9F-83FA-ED3108867F91}.Debug|Any CPU.Build.0 = Debug|Any CPU
		{DD8B2055-64EB-4F9F-83FA-ED3108867F91}.Release|Any CPU.ActiveCfg = Release|Any CPU
		{DD8B2055-64EB-4F9F-83FA-ED3108867F91}.Release|Any CPU.Build.0 = Release|Any CPU
		{8D496D33-4B57-4BA8-ACCA-33AA22757682}.Debug|Any CPU.ActiveCfg = Debug|Any CPU
		{8D496D33-4B57-4BA8-ACCA-33AA22757682}.Debug|Any CPU.Build.0 = Debug|Any CPU
		{8D496D33-4B57-4BA8-ACCA-33AA22757682}.Release|Any CPU.ActiveCfg = Release|Any CPU
		{8D496D33-4B57-4BA8-ACCA-33AA22757682}.Release|Any CPU.Build.0 = Release|Any CPU
	EndGlobalSection
	GlobalSection(SolutionProperties) = preSolution
		HideSolutionNode = FALSE
	EndGlobalSection
	GlobalSection(ExtensibilityGlobals) = postSolution
		SolutionGuid = {61FC9B5B-DCBA-4D76-BB81-4321AC9FC36D}
	EndGlobalSection
EndGlobal
